
Microsoft Visual Studio Solution File, Format Version 12.00
# Visual Studio Version 16
VisualStudioVersion = 16.0.32126.315
MinimumVisualStudioVersion = 10.0.40219.1
Project("{FAE04EC0-301F-11D3-BF4B-00C04F79EFBC}") = "Connected", "Connected\Connected.csproj", "{D81761BC-58CE-464E-AFE5-A22296F7C4ED}"
EndProject
Global
	GlobalSection(SolutionConfigurationPlatforms) = preSolution
		Debug|Any CPU = Debug|Any CPU
		Release|Any CPU = Release|Any CPU
	EndGlobalSection
	GlobalSection(ProjectConfigurationPlatforms) = postSolution
		{D81761BC-58CE-464E-AFE5-A22296F7C4ED}.Debug|Any CPU.ActiveCfg = Debug|Any CPU
		{D81761BC-58CE-464E-AFE5-A22296F7C4ED}.Debug|Any CPU.Build.0 = Debug|Any CPU
		{D81761BC-58CE-464E-AFE5-A22296F7C4ED}.Release|Any CPU.ActiveCfg = Release|Any CPU
		{D81761BC-58CE-464E-AFE5-A22296F7C4ED}.Release|Any CPU.Build.0 = Release|Any CPU
	EndGlobalSection
	GlobalSection(SolutionProperties) = preSolution
		HideSolutionNode = FALSE
	EndGlobalSection
	GlobalSection(ExtensibilityGlobals) = postSolution
		SolutionGuid = {154907AD-3020-414C-A92E-30D97DF910C8}
	EndGlobalSection
EndGlobal
